
Microsoft Visual Studio Solution File, Format Version 12.00
# Visual Studio Version 17
VisualStudioVersion = 17.4.33122.133
MinimumVisualStudioVersion = 10.0.40219.1
Project("{9A19103F-16F7-4668-BE54-9A1E7A4F7556}") = "CodeToTest", "CodeToTest\CodeToTest.csproj", "{E3E522D5-F833-4D67-88FE-68193A6140CD}"
EndProject
Project("{FAE04EC0-301F-11D3-BF4B-00C04F79EFBC}") = "UnitTests", "UnitTests\UnitTests.csproj", "{8DD055E8-35D0-45B6-8F91-3DFFCAC0DDA3}"
EndProject
Global
	GlobalSection(SolutionConfigurationPlatforms) = preSolution
		Debug|Any CPU = Debug|Any CPU
		Release|Any CPU = Release|Any CPU
	EndGlobalSection
	GlobalSection(ProjectConfigurationPlatforms) = postSolution
		{E3E522D5-F833-4D67-88FE-68193A6140CD}.Debug|Any CPU.ActiveCfg = Debug|Any CPU
		{E3E522D5-F833-4D67-88FE-68193A6140CD}.Debug|Any CPU.Build.0 = Debug|Any CPU
		{E3E522D5-F833-4D67-88FE-68193A6140CD}.Release|Any CPU.ActiveCfg = Release|Any CPU
		{E3E522D5-F833-4D67-88FE-68193A6140CD}.Release|Any CPU.Build.0 = Release|Any CPU
		{8DD055E8-35D0-45B6-8F91-3DFFCAC0DDA3}.Debug|Any CPU.ActiveCfg = Debug|Any CPU
		{8DD055E8-35D0-45B6-8F91-3DFFCAC0DDA3}.Debug|Any CPU.Build.0 = Debug|Any CPU
		{8DD055E8-35D0-45B6-8F91-3DFFCAC0DDA3}.Release|Any CPU.ActiveCfg = Release|Any CPU
		{8DD055E8-35D0-45B6-8F91-3DFFCAC0DDA3}.Release|Any CPU.Build.0 = Release|Any CPU
	EndGlobalSection
	GlobalSection(SolutionProperties) = preSolution
		HideSolutionNode = FALSE
	EndGlobalSection
	GlobalSection(ExtensibilityGlobals) = postSolution
		SolutionGuid = {ABEDD63C-0F02-4106-8ECE-13F256C01A84}
	EndGlobalSection
EndGlobal
