
Microsoft Visual Studio Solution File, Format Version 12.00
# Visual Studio Version 17
VisualStudioVersion = 17.4.33122.133
MinimumVisualStudioVersion = 10.0.40219.1
Project("{FAE04EC0-301F-11D3-BF4B-00C04F79EFBC}") = "OperatorsApp", "OperatorsApp\OperatorsApp.csproj", "{D15B1F8D-8C57-4207-8168-F70E756214B8}"
EndProject
Global
	GlobalSection(SolutionConfigurationPlatforms) = preSolution
		Debug|Any CPU = Debug|Any CPU
		Release|Any CPU = Release|Any CPU
	EndGlobalSection
	GlobalSection(ProjectConfigurationPlatforms) = postSolution
		{D15B1F8D-8C57-4207-8168-F70E756214B8}.Debug|Any CPU.ActiveCfg = Debug|Any CPU
		{D15B1F8D-8C57-4207-8168-F70E756214B8}.Debug|Any CPU.Build.0 = Debug|Any CPU
		{D15B1F8D-8C57-4207-8168-F70E756214B8}.Release|Any CPU.ActiveCfg = Release|Any CPU
		{D15B1F8D-8C57-4207-8168-F70E756214B8}.Release|Any CPU.Build.0 = Release|Any CPU
	EndGlobalSection
	GlobalSection(SolutionProperties) = preSolution
		HideSolutionNode = FALSE
	EndGlobalSection
	GlobalSection(ExtensibilityGlobals) = postSolution
		SolutionGuid = {DB038811-BD63-49C2-B133-BC5B00B5B892}
	EndGlobalSection
EndGlobal
