
Microsoft Visual Studio Solution File, Format Version 12.00
# Visual Studio Version 17
VisualStudioVersion = 17.4.33122.133
MinimumVisualStudioVersion = 10.0.40219.1
Project("{FAE04EC0-301F-11D3-BF4B-00C04F79EFBC}") = "MemoryModelWalkthrough", "MemoryModelWalkthrough\MemoryModelWalkthrough.csproj", "{83C12C05-60A1-4F21-973D-305E98462F77}"
EndProject
Global
	GlobalSection(SolutionConfigurationPlatforms) = preSolution
		Debug|Any CPU = Debug|Any CPU
		Release|Any CPU = Release|Any CPU
	EndGlobalSection
	GlobalSection(ProjectConfigurationPlatforms) = postSolution
		{83C12C05-60A1-4F21-973D-305E98462F77}.Debug|Any CPU.ActiveCfg = Debug|Any CPU
		{83C12C05-60A1-4F21-973D-305E98462F77}.Debug|Any CPU.Build.0 = Debug|Any CPU
		{83C12C05-60A1-4F21-973D-305E98462F77}.Release|Any CPU.ActiveCfg = Release|Any CPU
		{83C12C05-60A1-4F21-973D-305E98462F77}.Release|Any CPU.Build.0 = Release|Any CPU
	EndGlobalSection
	GlobalSection(SolutionProperties) = preSolution
		HideSolutionNode = FALSE
	EndGlobalSection
	GlobalSection(ExtensibilityGlobals) = postSolution
		SolutionGuid = {E2D6DD97-C32D-451E-910B-0073D6F2CDE8}
	EndGlobalSection
EndGlobal
